{
  "version": 4,
  "terraform_version": "0.12.20",
  "serial": 32,
  "lineage": "1725e60c-3c77-1e2c-27b3-c6c7b3ee9313",
  "outputs": {
    "ip": {
      "value": "34.228.13.97",
      "type": "string"
    }
  },
  "resources": [
    {
      "mode": "managed",
      "type": "aws_instance",
      "name": "example",
      "provider": "provider.aws",
      "instances": [
        {
          "schema_version": 1,
          "attributes": {
            "ami": "ami-08306577a6694f5e7",
            "arn": "arn:aws:ec2:us-east-1:920394549028:instance/i-04049fa57fa7767fb",
            "associate_public_ip_address": true,
            "availability_zone": "us-east-1d",
            "cpu_core_count": 1,
            "cpu_threads_per_core": 1,
            "credit_specification": [
              {
                "cpu_credits": "standard"
              }
            ],
            "disable_api_termination": false,
            "ebs_block_device": [],
            "ebs_optimized": false,
            "ephemeral_block_device": [],
            "get_password_data": false,
            "hibernation": false,
            "host_id": null,
            "iam_instance_profile": "",
            "id": "i-04049fa57fa7767fb",
            "instance_initiated_shutdown_behavior": null,
            "instance_state": "running",
            "instance_type": "t2.micro",
            "ipv6_address_count": 0,
            "ipv6_addresses": [],
            "key_name": "mykey",
            "metadata_options": [
              {
                "http_endpoint": "enabled",
                "http_put_response_hop_limit": 1,
                "http_tokens": "optional"
              }
            ],
            "monitoring": false,
            "network_interface": [],
            "outpost_arn": "",
            "password_data": "",
            "placement_group": "",
            "primary_network_interface_id": "eni-01c78daeeda23070f",
            "private_dns": "ip-172-31-16-133.ec2.internal",
            "private_ip": "172.31.16.133",
            "public_dns": "ec2-34-228-13-97.compute-1.amazonaws.com",
            "public_ip": "34.228.13.97",
            "root_block_device": [
              {
                "delete_on_termination": true,
                "device_name": "/dev/sda1",
                "encrypted": false,
                "iops": 100,
                "kms_key_id": "",
                "volume_id": "vol-0286abe4b4edeb94f",
                "volume_size": 8,
                "volume_type": "gp2"
              }
            ],
            "secondary_private_ips": [],
            "security_groups": [
              "default"
            ],
            "source_dest_check": true,
            "subnet_id": "subnet-939f08db",
            "tags": null,
            "tenancy": "default",
            "timeouts": null,
            "user_data": null,
            "user_data_base64": null,
            "volume_tags": {},
            "vpc_security_group_ids": [
              "sg-dc774da2"
            ]
          },
          "private": "eyJlMmJmYjczMC1lY2FhLTExZTYtOGY4OC0zNDM2M2JjN2M0YzAiOnsiY3JlYXRlIjo2MDAwMDAwMDAwMDAsImRlbGV0ZSI6MTIwMDAwMDAwMDAwMCwidXBkYXRlIjo2MDAwMDAwMDAwMDB9LCJzY2hlbWFfdmVyc2lvbiI6IjEifQ==",
          "dependencies": [
            "aws_key_pair.mykey"
          ]
        }
      ]
    },
    {
      "mode": "managed",
      "type": "aws_key_pair",
      "name": "mykey",
      "provider": "provider.aws",
      "instances": [
        {
          "schema_version": 1,
          "attributes": {
            "arn": "arn:aws:ec2:us-east-1:920394549028:key-pair/mykey",
            "fingerprint": "08:af:e1:82:c9:3a:a8:73:cb:cc:cf:cf:61:d8:c3:0e",
            "id": "mykey",
            "key_name": "mykey",
            "key_name_prefix": null,
            "key_pair_id": "key-081f62eca233ed2fa",
            "public_key": "ssh-rsa AAAAB3NzaC1yc2EAAAADAQABAAABgQDQFpFD/92YMbuW1LSBaDAiHdsNdvQCjch6BV/JRHmJSEtjolGcXOkga7CCoN+zgU4JdS/Qmb6mHQOHDX8zXcJBAJ6Adq7PZugzjDUPpwDq+wJqJcuKQTelCN6WQVna0Sgy/6E11sDIdC4sFRrv3GiIH2Wdws2KIn5JRk4YlmND3GQQx7Gkvc7EkhEfAUBw2kJM6JAqsTzYbAP96fRxKXuyfSYfFgCxnUY422h0cw5Nq9u+GrWd9+7fGQpI7Mr3s2ZGPl7PhRMbEYSe1DrAtZr1cdc79ouT35AglmBEzgJRl+5qkDY7L0B3pGdzuRGwKK3YVBjQXZW0f0Ox4hgqWvCCQs4njRd9+0lopBZW3y8zwj5A2iZ7RCkt04F0TMv9Nvrv3xwyB1eA+XFCX4+HiEY2DZEYOcpqVKhmxm3Gx49JYJMmbVvxIVvFTNn+th/20ngLF57zHSSlulWhJrrvCPSmGuVNSm2pZEjuTh0MwcFebYkBpqbYoQoUxfjHFEhwGik= refayathaque@Refayats-MacBook-Pro.local",
            "tags": null
          },
          "private": "eyJzY2hlbWFfdmVyc2lvbiI6IjEifQ=="
        }
      ]
    }
  ]
}
