{
  "version": 4,
  "terraform_version": "0.12.20",
  "serial": 5,
  "lineage": "c65b6ad7-d7d7-4c26-7f2d-cb2cb6cd6ea2",
  "outputs": {
    "ip": {
      "value": "54.208.151.217",
      "type": "string"
    }
  },
  "resources": [
    {
      "mode": "managed",
      "type": "aws_instance",
      "name": "example",
      "provider": "provider.aws",
      "instances": [
        {
          "schema_version": 1,
          "attributes": {
            "ami": "ami-08306577a6694f5e7",
            "arn": "arn:aws:ec2:us-east-1:920394549028:instance/i-07a35ae19df5718bc",
            "associate_public_ip_address": true,
            "availability_zone": "us-east-1c",
            "cpu_core_count": 1,
            "cpu_threads_per_core": 1,
            "credit_specification": [
              {
                "cpu_credits": "standard"
              }
            ],
            "disable_api_termination": false,
            "ebs_block_device": [],
            "ebs_optimized": false,
            "ephemeral_block_device": [],
            "get_password_data": false,
            "hibernation": false,
            "host_id": null,
            "iam_instance_profile": "",
            "id": "i-07a35ae19df5718bc",
            "instance_initiated_shutdown_behavior": null,
            "instance_state": "running",
            "instance_type": "t2.micro",
            "ipv6_address_count": 0,
            "ipv6_addresses": [],
            "key_name": "mykey",
            "metadata_options": [
              {
                "http_endpoint": "enabled",
                "http_put_response_hop_limit": 1,
                "http_tokens": "optional"
              }
            ],
            "monitoring": false,
            "network_interface": [],
            "outpost_arn": "",
            "password_data": "",
            "placement_group": "",
            "primary_network_interface_id": "eni-0cf91f5887925d37b",
            "private_dns": "ip-172-31-67-37.ec2.internal",
            "private_ip": "172.31.67.37",
            "public_dns": "ec2-54-208-151-217.compute-1.amazonaws.com",
            "public_ip": "54.208.151.217",
            "root_block_device": [
              {
                "delete_on_termination": true,
                "device_name": "/dev/sda1",
                "encrypted": false,
                "iops": 100,
                "kms_key_id": "",
                "volume_id": "vol-073392dc163f55e31",
                "volume_size": 8,
                "volume_type": "gp2"
              }
            ],
            "secondary_private_ips": [],
            "security_groups": [
              "default"
            ],
            "source_dest_check": true,
            "subnet_id": "subnet-0170a82d",
            "tags": null,
            "tenancy": "default",
            "timeouts": null,
            "user_data": null,
            "user_data_base64": null,
            "volume_tags": {},
            "vpc_security_group_ids": [
              "sg-dc774da2"
            ]
          },
          "private": "eyJlMmJmYjczMC1lY2FhLTExZTYtOGY4OC0zNDM2M2JjN2M0YzAiOnsiY3JlYXRlIjo2MDAwMDAwMDAwMDAsImRlbGV0ZSI6MTIwMDAwMDAwMDAwMCwidXBkYXRlIjo2MDAwMDAwMDAwMDB9LCJzY2hlbWFfdmVyc2lvbiI6IjEifQ==",
          "dependencies": [
            "aws_key_pair.mykey"
          ]
        }
      ]
    },
    {
      "mode": "managed",
      "type": "aws_key_pair",
      "name": "mykey",
      "provider": "provider.aws",
      "instances": [
        {
          "schema_version": 1,
          "attributes": {
            "arn": "arn:aws:ec2:us-east-1:920394549028:key-pair/mykey",
            "fingerprint": "af:37:b7:e8:b4:09:f1:57:0d:ca:c6:7c:db:6d:f3:d8",
            "id": "mykey",
            "key_name": "mykey",
            "key_name_prefix": null,
            "key_pair_id": "key-0603ac69f12a40249",
            "public_key": "ssh-rsa AAAAB3NzaC1yc2EAAAADAQABAAABgQDaXVldjbGJ6WtvMwiM3fCyjZPRHGy9zCZZGmfon4JTk1tnMC/U2LGytwYOcPzduRiL1OVAJ4zOFq1cw1fUkcEjsY2IFf0PRbdXQzQtpA0OAr17fEWGEorEsyGGApdjvou9U89XUAoiq0e4rbIsrbbn4Ov6lWHtMUy+1kCrnrduOKCcyH4TiqycipXfvjpjCwtPrblTfrj7hOjifM79kp9AEGwe0l2p8kuwsSYYaJzJ/B83xqwW1xO39at1dTgI5glX93i6Eaf935iKeUPUCmS+zfvFFnp0ewD+T0cBDjBOzznU2j5FsjGrbdHMjiI6aBLnyrMwOmHb57UsWWv2IDezKKPW/5h/1oB+5CVKIO46V+4aETrBroPqkWL1quZUqSRFG2nDMGFVef3r7f5FooKsWcMAxoge71+ayBdRJkzZ32F9dXfn/NT1F5XZRh3phUwyKEHAhuX90QrOjaQ0I/1JbWu/1uJlehIPFWwBxvBDlkHz8IjXLqprKtpov7mbpL0= refayathaque@Refayats-MacBook-Pro.local",
            "tags": {}
          },
          "private": "eyJzY2hlbWFfdmVyc2lvbiI6IjEifQ=="
        }
      ]
    }
  ]
}
