{
  "version": 4,
  "terraform_version": "0.14.3",
  "serial": 11,
  "lineage": "c4141b7d-26f7-c321-fffc-3e6d5ede9fbe",
  "outputs": {},
  "resources": [
    {
      "module": "module.parameters",
      "mode": "managed",
      "type": "aws_ssm_parameter",
      "name": "parameter",
      "provider": "provider[\"registry.terraform.io/hashicorp/aws\"]",
      "instances": [
        {
          "index_key": "/myapp/environment",
          "schema_version": 0,
          "attributes": {
            "allowed_pattern": "",
            "arn": "arn:aws:ssm:us-east-1:920394549028:parameter/myapp/environment",
            "data_type": "text",
            "description": "",
            "id": "/myapp/environment",
            "key_id": "",
            "name": "/myapp/environment",
            "overwrite": null,
            "tags": null,
            "tier": "Standard",
            "type": "String",
            "value": "prod",
            "version": 1
          },
          "sensitive_attributes": [],
          "private": "bnVsbA=="
        },
        {
          "index_key": "/myprefix/environment",
          "schema_version": 0,
          "attributes": {
            "allowed_pattern": "",
            "arn": "arn:aws:ssm:us-east-1:920394549028:parameter/myprefix/environment",
            "data_type": "text",
            "description": "",
            "id": "/myprefix/environment",
            "key_id": "",
            "name": "/myprefix/environment",
            "overwrite": null,
            "tags": null,
            "tier": "Standard",
            "type": "String",
            "value": "dev",
            "version": 1
          },
          "sensitive_attributes": [],
          "private": "bnVsbA=="
        },
        {
          "index_key": "/myprefix/myparameter",
          "schema_version": 0,
          "attributes": {
            "allowed_pattern": "",
            "arn": "arn:aws:ssm:us-east-1:920394549028:parameter/myprefix/myparameter",
            "data_type": "text",
            "description": "",
            "id": "/myprefix/myparameter",
            "key_id": "",
            "name": "/myprefix/myparameter",
            "overwrite": null,
            "tags": null,
            "tier": "Standard",
            "type": "String",
            "value": "myvalue",
            "version": 1
          },
          "sensitive_attributes": [],
          "private": "bnVsbA=="
        }
      ]
    }
  ]
}
