{
  "version": 4,
  "terraform_version": "0.12.20",
  "serial": 5,
  "lineage": "c444f43f-9162-2b2a-96b7-e8ab989309f4",
  "outputs": {
    "ns-servers": {
      "value": [
        "ns-1129.awsdns-13.org",
        "ns-1672.awsdns-17.co.uk",
        "ns-246.awsdns-30.com",
        "ns-852.awsdns-42.net"
      ],
      "type": [
        "list",
        "string"
      ]
    }
  },
  "resources": [
    {
      "mode": "managed",
      "type": "aws_route53_record",
      "name": "mail1-record",
      "provider": "provider.aws",
      "instances": [
        {
          "schema_version": 2,
          "attributes": {
            "alias": [],
            "allow_overwrite": null,
            "failover_routing_policy": [],
            "fqdn": "newtech.academy",
            "geolocation_routing_policy": [],
            "health_check_id": null,
            "id": "Z01723922XO2FA7LBNDZ9_newtech.academy_MX",
            "latency_routing_policy": [],
            "multivalue_answer_routing_policy": null,
            "name": "newtech.academy",
            "records": [
              "1 aspmx.l.google.com.",
              "10 aspmx2.googlemail.com.",
              "10 aspmx3.googlemail.com.",
              "5 alt1.aspmx.l.google.com.",
              "5 alt2.aspmx.l.google.com."
            ],
            "set_identifier": null,
            "ttl": 300,
            "type": "MX",
            "weighted_routing_policy": [],
            "zone_id": "Z01723922XO2FA7LBNDZ9"
          },
          "private": "eyJzY2hlbWFfdmVyc2lvbiI6IjIifQ==",
          "dependencies": [
            "aws_route53_zone.newtech-academy"
          ]
        }
      ]
    },
    {
      "mode": "managed",
      "type": "aws_route53_record",
      "name": "server1-record",
      "provider": "provider.aws",
      "instances": [
        {
          "schema_version": 2,
          "attributes": {
            "alias": [],
            "allow_overwrite": null,
            "failover_routing_policy": [],
            "fqdn": "server1.newtech.academy",
            "geolocation_routing_policy": [],
            "health_check_id": null,
            "id": "Z01723922XO2FA7LBNDZ9_server1.newtech.academy_A",
            "latency_routing_policy": [],
            "multivalue_answer_routing_policy": null,
            "name": "server1.newtech.academy",
            "records": [
              "104.236.247.8"
            ],
            "set_identifier": null,
            "ttl": 300,
            "type": "A",
            "weighted_routing_policy": [],
            "zone_id": "Z01723922XO2FA7LBNDZ9"
          },
          "private": "eyJzY2hlbWFfdmVyc2lvbiI6IjIifQ==",
          "dependencies": [
            "aws_route53_zone.newtech-academy"
          ]
        }
      ]
    },
    {
      "mode": "managed",
      "type": "aws_route53_record",
      "name": "www-record",
      "provider": "provider.aws",
      "instances": [
        {
          "schema_version": 2,
          "attributes": {
            "alias": [],
            "allow_overwrite": null,
            "failover_routing_policy": [],
            "fqdn": "www.newtech.academy",
            "geolocation_routing_policy": [],
            "health_check_id": null,
            "id": "Z01723922XO2FA7LBNDZ9_www.newtech.academy_A",
            "latency_routing_policy": [],
            "multivalue_answer_routing_policy": null,
            "name": "www.newtech.academy",
            "records": [
              "104.236.247.8"
            ],
            "set_identifier": null,
            "ttl": 300,
            "type": "A",
            "weighted_routing_policy": [],
            "zone_id": "Z01723922XO2FA7LBNDZ9"
          },
          "private": "eyJzY2hlbWFfdmVyc2lvbiI6IjIifQ==",
          "dependencies": [
            "aws_route53_zone.newtech-academy"
          ]
        }
      ]
    },
    {
      "mode": "managed",
      "type": "aws_route53_zone",
      "name": "newtech-academy",
      "provider": "provider.aws",
      "instances": [
        {
          "schema_version": 0,
          "attributes": {
            "comment": "Managed by Terraform",
            "delegation_set_id": "",
            "force_destroy": false,
            "id": "Z01723922XO2FA7LBNDZ9",
            "name": "newtech.academy",
            "name_servers": [
              "ns-1129.awsdns-13.org",
              "ns-1672.awsdns-17.co.uk",
              "ns-246.awsdns-30.com",
              "ns-852.awsdns-42.net"
            ],
            "tags": null,
            "vpc": [],
            "zone_id": "Z01723922XO2FA7LBNDZ9"
          },
          "private": "bnVsbA=="
        }
      ]
    }
  ]
}
