{
  "version": 4,
  "terraform_version": "0.12.20",
  "serial": 6,
  "lineage": "8f81fe23-7b6f-b8e5-2e94-9e62846bb62b",
  "outputs": {
    "warning": {
      "value": "WARNING: make sure you're not using the AdministratorAccess policy for other users/groups/roles. If this is the case, don't run terraform destroy, but manually unlink the created resources",
      "type": "string"
    }
  },
  "resources": [
    {
      "mode": "managed",
      "type": "aws_iam_group",
      "name": "admins_tf",
      "provider": "provider.aws",
      "instances": [
        {
          "schema_version": 0,
          "attributes": {
            "arn": "arn:aws:iam::920394549028:group/admins_tf",
            "id": "admins_tf",
            "name": "admins_tf",
            "path": "/",
            "unique_id": "AGPA5MS6KI4SID2WFZXGA"
          },
          "private": "bnVsbA=="
        }
      ]
    },
    {
      "mode": "managed",
      "type": "aws_iam_group_membership",
      "name": "admin-users",
      "provider": "provider.aws",
      "instances": [
        {
          "schema_version": 0,
          "attributes": {
            "group": "admins_tf",
            "id": "admin-users",
            "name": "admin-users",
            "users": [
              "admin1_tf",
              "admin2_tf"
            ]
          },
          "private": "bnVsbA==",
          "dependencies": [
            "aws_iam_group.admins_tf",
            "aws_iam_user.admin1_tf",
            "aws_iam_user.admin2_tf"
          ]
        }
      ]
    },
    {
      "mode": "managed",
      "type": "aws_iam_policy_attachment",
      "name": "admins-attach",
      "provider": "provider.aws",
      "instances": [
        {
          "schema_version": 0,
          "attributes": {
            "groups": [
              "admins_tf"
            ],
            "id": "admins-attach",
            "name": "admins-attach",
            "policy_arn": "arn:aws:iam::aws:policy/AdministratorAccess",
            "roles": null,
            "users": null
          },
          "private": "bnVsbA==",
          "dependencies": [
            "aws_iam_group.admins_tf"
          ]
        }
      ]
    },
    {
      "mode": "managed",
      "type": "aws_iam_user",
      "name": "admin1_tf",
      "provider": "provider.aws",
      "instances": [
        {
          "schema_version": 0,
          "attributes": {
            "arn": "arn:aws:iam::920394549028:user/admin1_tf",
            "force_destroy": false,
            "id": "admin1_tf",
            "name": "admin1_tf",
            "path": "/",
            "permissions_boundary": null,
            "tags": null,
            "unique_id": "AIDA5MS6KI4SEAU2V6K7E"
          },
          "private": "bnVsbA=="
        }
      ]
    },
    {
      "mode": "managed",
      "type": "aws_iam_user",
      "name": "admin2_tf",
      "provider": "provider.aws",
      "instances": [
        {
          "schema_version": 0,
          "attributes": {
            "arn": "arn:aws:iam::920394549028:user/admin2_tf",
            "force_destroy": false,
            "id": "admin2_tf",
            "name": "admin2_tf",
            "path": "/",
            "permissions_boundary": null,
            "tags": null,
            "unique_id": "AIDA5MS6KI4SFUCF773Y2"
          },
          "private": "bnVsbA=="
        }
      ]
    }
  ]
}
