{
  "version": 4,
  "terraform_version": "0.12.20",
  "serial": 8,
  "lineage": "a44d381c-ee79-401e-0663-927246d0f693",
  "outputs": {},
  "resources": [
    {
      "mode": "managed",
      "type": "aws_ebs_volume",
      "name": "ebs-volume-1",
      "provider": "provider.aws",
      "instances": [
        {
          "schema_version": 0,
          "attributes": {
            "arn": "arn:aws:ec2:us-east-1:920394549028:volume/vol-063e5e5a3fc8ffc29",
            "availability_zone": "us-east-1a",
            "encrypted": false,
            "id": "vol-063e5e5a3fc8ffc29",
            "iops": 100,
            "kms_key_id": "",
            "multi_attach_enabled": false,
            "outpost_arn": "",
            "size": 20,
            "snapshot_id": "",
            "tags": {
              "Name": "extra volume data"
            },
            "type": "gp2"
          },
          "private": "bnVsbA=="
        }
      ]
    },
    {
      "mode": "managed",
      "type": "aws_instance",
      "name": "example",
      "provider": "provider.aws",
      "instances": [
        {
          "schema_version": 1,
          "attributes": {
            "ami": "ami-08306577a6694f5e7",
            "arn": "arn:aws:ec2:us-east-1:920394549028:instance/i-0e567ea4eacc77c1f",
            "associate_public_ip_address": true,
            "availability_zone": "us-east-1a",
            "cpu_core_count": 1,
            "cpu_threads_per_core": 1,
            "credit_specification": [
              {
                "cpu_credits": "standard"
              }
            ],
            "disable_api_termination": false,
            "ebs_block_device": [],
            "ebs_optimized": false,
            "ephemeral_block_device": [],
            "get_password_data": false,
            "hibernation": false,
            "host_id": null,
            "iam_instance_profile": "",
            "id": "i-0e567ea4eacc77c1f",
            "instance_initiated_shutdown_behavior": null,
            "instance_state": "running",
            "instance_type": "t2.micro",
            "ipv6_address_count": 0,
            "ipv6_addresses": [],
            "key_name": "mykey",
            "metadata_options": [
              {
                "http_endpoint": "enabled",
                "http_put_response_hop_limit": 1,
                "http_tokens": "optional"
              }
            ],
            "monitoring": false,
            "network_interface": [],
            "outpost_arn": "",
            "password_data": "",
            "placement_group": "",
            "primary_network_interface_id": "eni-0da27fe1cca07ade2",
            "private_dns": "ip-172-31-45-72.ec2.internal",
            "private_ip": "172.31.45.72",
            "public_dns": "ec2-34-201-130-203.compute-1.amazonaws.com",
            "public_ip": "34.201.130.203",
            "root_block_device": [
              {
                "delete_on_termination": true,
                "device_name": "/dev/sda1",
                "encrypted": false,
                "iops": 100,
                "kms_key_id": "",
                "volume_id": "vol-090de9ca33eff0b56",
                "volume_size": 16,
                "volume_type": "gp2"
              }
            ],
            "secondary_private_ips": [],
            "security_groups": [
              "default"
            ],
            "source_dest_check": true,
            "subnet_id": "subnet-60e8393a",
            "tags": null,
            "tenancy": "default",
            "timeouts": null,
            "user_data": null,
            "user_data_base64": null,
            "volume_tags": {},
            "vpc_security_group_ids": [
              "sg-dc774da2"
            ]
          },
          "private": "eyJlMmJmYjczMC1lY2FhLTExZTYtOGY4OC0zNDM2M2JjN2M0YzAiOnsiY3JlYXRlIjo2MDAwMDAwMDAwMDAsImRlbGV0ZSI6MTIwMDAwMDAwMDAwMCwidXBkYXRlIjo2MDAwMDAwMDAwMDB9LCJzY2hlbWFfdmVyc2lvbiI6IjEifQ==",
          "dependencies": [
            "aws_key_pair.mykey"
          ]
        }
      ]
    },
    {
      "mode": "managed",
      "type": "aws_key_pair",
      "name": "mykey",
      "provider": "provider.aws",
      "instances": [
        {
          "schema_version": 1,
          "attributes": {
            "arn": "arn:aws:ec2:us-east-1:920394549028:key-pair/mykey",
            "fingerprint": "69:62:80:3e:84:d6:4d:36:4c:de:53:7d:13:b9:a3:61",
            "id": "mykey",
            "key_name": "mykey",
            "key_name_prefix": null,
            "key_pair_id": "key-019ca562b2e27619c",
            "public_key": "ssh-rsa AAAAB3NzaC1yc2EAAAADAQABAAABgQCuYBiNpStEia08DJZGTtgjZvA+oMaeqNFFT2xCfqEGKUM9T/Txd6dcGtUipziim2W6N9WVEh9bhM4+ViCGJzMcXk2OTXO5YaDQEnNLygTD3SFEkGTV1iXK3VFgKThKZX3EEmN2tsmDJOXmM7EjgftCPg/Y3q0xiJXaYuuAFoysUsq6MWFqPLwqYiemaY73gElhhK2IrcCR9Jm9Y9ZR2r0o0t5Tel7hxObCnRwlertnFlsTu6K/xTKl8nMnttMpU65JiAj9BTO9bnjqQ4wcW1OMa5Oll8dXQ2ZcKPjPwYRWIKAs88giuYKZ4pjjk6aaX7TpaszVWYWd/5HzFI+73queYsmVcSZpcMI2+l2zxW59PczbMN32gIjZUf5dwOQrpFklat9uY5sw51nLmWNp62MgsI84ZBfnhkBBZlm2usggF2IdfDlQYK5TQssii8spqm4e0FUvA4DJsa1l1IFIe25KAJ0g5Dc2D9fkfG1GMjicBNsQfaOeQwTaoegkGWqbYXE= refayathaque@Refayats-MacBook-Pro.local",
            "tags": {}
          },
          "private": "eyJzY2hlbWFfdmVyc2lvbiI6IjEifQ=="
        }
      ]
    },
    {
      "mode": "managed",
      "type": "aws_volume_attachment",
      "name": "ebs-volume-1-attachment",
      "provider": "provider.aws",
      "instances": [
        {
          "schema_version": 0,
          "attributes": {
            "device_name": "/dev/xvdh",
            "force_detach": null,
            "id": "vai-486418654",
            "instance_id": "i-0e567ea4eacc77c1f",
            "skip_destroy": null,
            "volume_id": "vol-063e5e5a3fc8ffc29"
          },
          "private": "bnVsbA==",
          "dependencies": [
            "aws_ebs_volume.ebs-volume-1",
            "aws_instance.example",
            "aws_key_pair.mykey"
          ]
        }
      ]
    }
  ]
}
