{
  "version": 4,
  "terraform_version": "0.14.3",
  "serial": 1,
  "lineage": "548502f1-8420-d128-8225-e00208c27451",
  "outputs": {},
  "resources": [
    {
      "mode": "managed",
      "type": "aws_ssm_parameter",
      "name": "myparameter",
      "provider": "provider[\"registry.terraform.io/hashicorp/aws\"]",
      "instances": [
        {
          "schema_version": 0,
          "attributes": {
            "allowed_pattern": "",
            "arn": "arn:aws:ssm:us-east-1:920394549028:parameter/myapp/myparameter",
            "data_type": "text",
            "description": "",
            "id": "/myapp/myparameter",
            "key_id": "",
            "name": "/myapp/myparameter",
            "overwrite": null,
            "tags": null,
            "tier": "Standard",
            "type": "String",
            "value": "myvalue",
            "version": 1
          },
          "sensitive_attributes": [],
          "private": "bnVsbA=="
        }
      ]
    }
  ]
}
