{
  "version": 4,
  "terraform_version": "0.12.20",
  "serial": 84,
  "lineage": "104197bd-25d1-849a-4308-de997da0fd22",
  "outputs": {
    "instance": {
      "value": "35.153.135.228",
      "type": "string"
    }
  },
  "resources": [
    {
      "mode": "managed",
      "type": "aws_iam_instance_profile",
      "name": "s3-mybucket-role-instanceprofile",
      "provider": "provider.aws",
      "instances": [
        {
          "schema_version": 0,
          "attributes": {
            "arn": "arn:aws:iam::920394549028:instance-profile/s3-mybucket-role",
            "create_date": "2020-12-15T02:11:12Z",
            "id": "s3-mybucket-role",
            "name": "s3-mybucket-role",
            "name_prefix": null,
            "path": "/",
            "role": "s3-mybucket-role",
            "unique_id": "AIPA5MS6KI4SIBQRK37VM"
          },
          "private": "bnVsbA==",
          "dependencies": [
            "aws_iam_role.s3-mybucket-role"
          ]
        }
      ]
    },
    {
      "mode": "managed",
      "type": "aws_iam_role",
      "name": "s3-mybucket-role",
      "provider": "provider.aws",
      "instances": [
        {
          "schema_version": 0,
          "attributes": {
            "arn": "arn:aws:iam::920394549028:role/s3-mybucket-role",
            "assume_role_policy": "{\"Version\":\"2012-10-17\",\"Statement\":[{\"Sid\":\"\",\"Effect\":\"Allow\",\"Principal\":{\"Service\":\"ec2.amazonaws.com\"},\"Action\":\"sts:AssumeRole\"}]}",
            "create_date": "2020-12-15T02:11:11Z",
            "description": "",
            "force_detach_policies": false,
            "id": "s3-mybucket-role",
            "max_session_duration": 3600,
            "name": "s3-mybucket-role",
            "name_prefix": null,
            "path": "/",
            "permissions_boundary": null,
            "tags": null,
            "unique_id": "AROA5MS6KI4SBDJCR42HJ"
          },
          "private": "bnVsbA=="
        }
      ]
    },
    {
      "mode": "managed",
      "type": "aws_iam_role_policy",
      "name": "s3-mybucket-role-policy",
      "provider": "provider.aws",
      "instances": [
        {
          "schema_version": 0,
          "attributes": {
            "id": "s3-mybucket-role:s3-mybucket-role-policy",
            "name": "s3-mybucket-role-policy",
            "name_prefix": null,
            "policy": "{\n    \"Version\": \"2012-10-17\",\n    \"Statement\": [\n        {\n            \"Effect\": \"Allow\",\n            \"Action\": [\n              \"s3:*\"\n            ],\n            \"Resource\": [\n              \"arn:aws:s3:::123456-qwerty-tf\",\n              \"arn:aws:s3:::123456-qwerty-tf/*\"\n            ]\n        }\n    ]\n}\n",
            "role": "s3-mybucket-role"
          },
          "private": "bnVsbA==",
          "dependencies": [
            "aws_iam_role.s3-mybucket-role"
          ]
        }
      ]
    },
    {
      "mode": "managed",
      "type": "aws_instance",
      "name": "example",
      "provider": "provider.aws",
      "instances": [
        {
          "schema_version": 1,
          "attributes": {
            "ami": "ami-08306577a6694f5e7",
            "arn": "arn:aws:ec2:us-east-1:920394549028:instance/i-0e77ba0e75b6a728a",
            "associate_public_ip_address": true,
            "availability_zone": "us-east-1a",
            "cpu_core_count": 1,
            "cpu_threads_per_core": 1,
            "credit_specification": [
              {
                "cpu_credits": "standard"
              }
            ],
            "disable_api_termination": false,
            "ebs_block_device": [],
            "ebs_optimized": false,
            "ephemeral_block_device": [],
            "get_password_data": false,
            "hibernation": false,
            "host_id": null,
            "iam_instance_profile": "s3-mybucket-role",
            "id": "i-0e77ba0e75b6a728a",
            "instance_initiated_shutdown_behavior": null,
            "instance_state": "running",
            "instance_type": "t2.micro",
            "ipv6_address_count": 0,
            "ipv6_addresses": [],
            "key_name": "mykeypair",
            "metadata_options": [
              {
                "http_endpoint": "enabled",
                "http_put_response_hop_limit": 1,
                "http_tokens": "optional"
              }
            ],
            "monitoring": false,
            "network_interface": [],
            "outpost_arn": "",
            "password_data": "",
            "placement_group": "",
            "primary_network_interface_id": "eni-017543447a788f83c",
            "private_dns": "ip-10-0-1-222.ec2.internal",
            "private_ip": "10.0.1.222",
            "public_dns": "ec2-35-153-135-228.compute-1.amazonaws.com",
            "public_ip": "35.153.135.228",
            "root_block_device": [
              {
                "delete_on_termination": true,
                "device_name": "/dev/sda1",
                "encrypted": false,
                "iops": 100,
                "kms_key_id": "",
                "volume_id": "vol-0986e1a4fde257f56",
                "volume_size": 8,
                "volume_type": "gp2"
              }
            ],
            "secondary_private_ips": [],
            "security_groups": [],
            "source_dest_check": true,
            "subnet_id": "subnet-05f61ca548b6bd98c",
            "tags": null,
            "tenancy": "default",
            "timeouts": null,
            "user_data": null,
            "user_data_base64": null,
            "volume_tags": {},
            "vpc_security_group_ids": [
              "sg-0af3969fd4baffa86"
            ]
          },
          "private": "eyJlMmJmYjczMC1lY2FhLTExZTYtOGY4OC0zNDM2M2JjN2M0YzAiOnsiY3JlYXRlIjo2MDAwMDAwMDAwMDAsImRlbGV0ZSI6MTIwMDAwMDAwMDAwMCwidXBkYXRlIjo2MDAwMDAwMDAwMDB9LCJzY2hlbWFfdmVyc2lvbiI6IjEifQ==",
          "dependencies": [
            "aws_iam_instance_profile.s3-mybucket-role-instanceprofile",
            "aws_iam_role.s3-mybucket-role",
            "aws_key_pair.mykeypair",
            "aws_security_group.allow-ssh",
            "aws_subnet.main-public-1",
            "aws_vpc.main"
          ]
        }
      ]
    },
    {
      "mode": "managed",
      "type": "aws_internet_gateway",
      "name": "main-gw",
      "provider": "provider.aws",
      "instances": [
        {
          "schema_version": 0,
          "attributes": {
            "arn": "arn:aws:ec2:us-east-1:920394549028:internet-gateway/igw-033cc425a1a3a7289",
            "id": "igw-033cc425a1a3a7289",
            "owner_id": "920394549028",
            "tags": {
              "Name": "main"
            },
            "vpc_id": "vpc-00c72bba1128869d4"
          },
          "private": "bnVsbA==",
          "dependencies": [
            "aws_vpc.main"
          ]
        }
      ]
    },
    {
      "mode": "managed",
      "type": "aws_key_pair",
      "name": "mykeypair",
      "provider": "provider.aws",
      "instances": [
        {
          "schema_version": 1,
          "attributes": {
            "arn": "arn:aws:ec2:us-east-1:920394549028:key-pair/mykeypair",
            "fingerprint": "34:17:05:a6:a1:03:b8:e9:79:6f:7f:7a:66:90:55:cc",
            "id": "mykeypair",
            "key_name": "mykeypair",
            "key_name_prefix": null,
            "key_pair_id": "key-098fc6990369dd881",
            "public_key": "ssh-rsa AAAAB3NzaC1yc2EAAAADAQABAAABgQDKSA6G3p5qSzX3dTkryvMLATtUQqsCrCL7ZY3eBq+gy0BggS26KW0t4xmMZivUEyhgmDaf84iBDyMcsk8gJ30cm4o6KfbFtdOKeQohNjqS78E0UD0Qgu8/cepqsvXD02u/44Ubgk7CyWSapAUcNv2SMbXxZOLbaA8x493aaj7aXm3UJhjxdd9Ciswow9cpsLY1Uz2BS9TVOit+ew2UAS66clg3cmHNPNNN6odVG5gIUifs4Gm4w7VPVDZQV5wb+G2h+2r4y1qwY8FcIvxQeT4gqBPtUabXMsIxgkCWEb0fNvZBCS4Npg84DRSIBCZ6+xLLfMjskK42MkOUCQwgpfUC2IB/SjueZAos5gI5RgKoMmHl1YjYbgynufUBjPto7xmlWQa1/0Id60bCZstenMU0C0uHHGn5D72YFqC31GRKS8olR4EAoPc5M2kjMELo/Pg++olOK/AI/3smSD2o3txceFekxpGN1+RHczP0ofvvejCyfJXS4TIuLWNaKRf92WM= refayathaque@Refayats-MacBook-Pro.local",
            "tags": null
          },
          "private": "eyJzY2hlbWFfdmVyc2lvbiI6IjEifQ=="
        }
      ]
    },
    {
      "mode": "managed",
      "type": "aws_route_table",
      "name": "main-public",
      "provider": "provider.aws",
      "instances": [
        {
          "schema_version": 0,
          "attributes": {
            "id": "rtb-0901926f912cfe15e",
            "owner_id": "920394549028",
            "propagating_vgws": [],
            "route": [
              {
                "cidr_block": "0.0.0.0/0",
                "egress_only_gateway_id": "",
                "gateway_id": "igw-033cc425a1a3a7289",
                "instance_id": "",
                "ipv6_cidr_block": "",
                "local_gateway_id": "",
                "nat_gateway_id": "",
                "network_interface_id": "",
                "transit_gateway_id": "",
                "vpc_endpoint_id": "",
                "vpc_peering_connection_id": ""
              }
            ],
            "tags": {
              "Name": "main-public-1"
            },
            "vpc_id": "vpc-00c72bba1128869d4"
          },
          "private": "bnVsbA==",
          "dependencies": [
            "aws_internet_gateway.main-gw",
            "aws_vpc.main"
          ]
        }
      ]
    },
    {
      "mode": "managed",
      "type": "aws_route_table_association",
      "name": "main-public-1-a",
      "provider": "provider.aws",
      "instances": [
        {
          "schema_version": 0,
          "attributes": {
            "gateway_id": null,
            "id": "rtbassoc-0c4f1ac245a0beb30",
            "route_table_id": "rtb-0901926f912cfe15e",
            "subnet_id": "subnet-05f61ca548b6bd98c"
          },
          "private": "bnVsbA==",
          "dependencies": [
            "aws_internet_gateway.main-gw",
            "aws_route_table.main-public",
            "aws_subnet.main-public-1",
            "aws_vpc.main"
          ]
        }
      ]
    },
    {
      "mode": "managed",
      "type": "aws_s3_bucket",
      "name": "b",
      "provider": "provider.aws",
      "instances": [
        {
          "schema_version": 0,
          "attributes": {
            "acceleration_status": "",
            "acl": "private",
            "arn": "arn:aws:s3:::123456-qwerty-tf",
            "bucket": "123456-qwerty-tf",
            "bucket_domain_name": "123456-qwerty-tf.s3.amazonaws.com",
            "bucket_prefix": null,
            "bucket_regional_domain_name": "123456-qwerty-tf.s3.amazonaws.com",
            "cors_rule": [],
            "force_destroy": true,
            "grant": [],
            "hosted_zone_id": "Z3AQBSTGFYJSTF",
            "id": "123456-qwerty-tf",
            "lifecycle_rule": [],
            "logging": [],
            "object_lock_configuration": [],
            "policy": null,
            "region": "us-east-1",
            "replication_configuration": [],
            "request_payer": "BucketOwner",
            "server_side_encryption_configuration": [],
            "tags": {
              "Name": "123456-qwerty-tf"
            },
            "versioning": [
              {
                "enabled": false,
                "mfa_delete": false
              }
            ],
            "website": [],
            "website_domain": null,
            "website_endpoint": null
          },
          "private": "bnVsbA=="
        }
      ]
    },
    {
      "mode": "managed",
      "type": "aws_security_group",
      "name": "allow-ssh",
      "provider": "provider.aws",
      "instances": [
        {
          "schema_version": 1,
          "attributes": {
            "arn": "arn:aws:ec2:us-east-1:920394549028:security-group/sg-0af3969fd4baffa86",
            "description": "security group that allows ssh and all egress traffic",
            "egress": [
              {
                "cidr_blocks": [
                  "0.0.0.0/0"
                ],
                "description": "",
                "from_port": 0,
                "ipv6_cidr_blocks": [],
                "prefix_list_ids": [],
                "protocol": "-1",
                "security_groups": [],
                "self": false,
                "to_port": 0
              }
            ],
            "id": "sg-0af3969fd4baffa86",
            "ingress": [
              {
                "cidr_blocks": [
                  "66.44.22.104/32"
                ],
                "description": "",
                "from_port": 22,
                "ipv6_cidr_blocks": [],
                "prefix_list_ids": [],
                "protocol": "tcp",
                "security_groups": [],
                "self": false,
                "to_port": 22
              }
            ],
            "name": "allow-ssh",
            "name_prefix": "",
            "owner_id": "920394549028",
            "revoke_rules_on_delete": false,
            "tags": {
              "Name": "allow-ssh"
            },
            "timeouts": null,
            "vpc_id": "vpc-00c72bba1128869d4"
          },
          "private": "eyJlMmJmYjczMC1lY2FhLTExZTYtOGY4OC0zNDM2M2JjN2M0YzAiOnsiY3JlYXRlIjo2MDAwMDAwMDAwMDAsImRlbGV0ZSI6NjAwMDAwMDAwMDAwfSwic2NoZW1hX3ZlcnNpb24iOiIxIn0=",
          "dependencies": [
            "aws_vpc.main"
          ]
        }
      ]
    },
    {
      "mode": "managed",
      "type": "aws_subnet",
      "name": "main-public-1",
      "provider": "provider.aws",
      "instances": [
        {
          "schema_version": 1,
          "attributes": {
            "arn": "arn:aws:ec2:us-east-1:920394549028:subnet/subnet-05f61ca548b6bd98c",
            "assign_ipv6_address_on_creation": false,
            "availability_zone": "us-east-1a",
            "availability_zone_id": "use1-az6",
            "cidr_block": "10.0.1.0/24",
            "id": "subnet-05f61ca548b6bd98c",
            "ipv6_cidr_block": "",
            "ipv6_cidr_block_association_id": "",
            "map_public_ip_on_launch": true,
            "outpost_arn": "",
            "owner_id": "920394549028",
            "tags": {
              "Name": "main-public-1"
            },
            "timeouts": null,
            "vpc_id": "vpc-00c72bba1128869d4"
          },
          "private": "eyJlMmJmYjczMC1lY2FhLTExZTYtOGY4OC0zNDM2M2JjN2M0YzAiOnsiY3JlYXRlIjo2MDAwMDAwMDAwMDAsImRlbGV0ZSI6MTIwMDAwMDAwMDAwMH0sInNjaGVtYV92ZXJzaW9uIjoiMSJ9",
          "dependencies": [
            "aws_vpc.main"
          ]
        }
      ]
    },
    {
      "mode": "managed",
      "type": "aws_vpc",
      "name": "main",
      "provider": "provider.aws",
      "instances": [
        {
          "schema_version": 1,
          "attributes": {
            "arn": "arn:aws:ec2:us-east-1:920394549028:vpc/vpc-00c72bba1128869d4",
            "assign_generated_ipv6_cidr_block": false,
            "cidr_block": "10.0.0.0/16",
            "default_network_acl_id": "acl-0cb4df7b99289919e",
            "default_route_table_id": "rtb-036e4073c15fceb42",
            "default_security_group_id": "sg-069f5df6b57d2ebfc",
            "dhcp_options_id": "dopt-1c903d7a",
            "enable_classiclink": false,
            "enable_classiclink_dns_support": false,
            "enable_dns_hostnames": true,
            "enable_dns_support": true,
            "id": "vpc-00c72bba1128869d4",
            "instance_tenancy": "default",
            "ipv6_association_id": "",
            "ipv6_cidr_block": "",
            "main_route_table_id": "rtb-036e4073c15fceb42",
            "owner_id": "920394549028",
            "tags": {
              "Name": "main"
            }
          },
          "private": "eyJzY2hlbWFfdmVyc2lvbiI6IjEifQ=="
        }
      ]
    }
  ]
}
